// !$*UTF8*$!
{
	archiveVersion = 1;
	classes = {
	};
	objectVersion = 52;
	objects = {

/* Begin PBXBuildFile section */
		AC8D5A8E2626FE7C005C4734 /* SettingsView.swift in Sources */ = {isa = PBXBuildFile; fileRef = AC8D5A8D2626FE7C005C4734 /* SettingsView.swift */; };
		AC8D5A912626FEA0005C4734 /* TabbarView.swift in Sources */ = {isa = PBXBuildFile; fileRef = AC8D5A902626FEA0005C4734 /* TabbarView.swift */; };
		ACF1E9B126243DB600E40473 /* NewApiApp.swift in Sources */ = {isa = PBXBuildFile; fileRef = ACF1E9B026243DB600E40473 /* NewApiApp.swift */; };
		ACF1E9B526243DB800E40473 /* Assets.xcassets in Resources */ = {isa = PBXBuildFile; fileRef = ACF1E9B426243DB800E40473 /* Assets.xcassets */; };
		ACF1E9B826243DB800E40473 /* Preview Assets.xcassets in Resources */ = {isa = PBXBuildFile; fileRef = ACF1E9B726243DB800E40473 /* Preview Assets.xcassets */; };
		ACF1E9C626243F9800E40473 /* NewsResponse.swift in Sources */ = {isa = PBXBuildFile; fileRef = ACF1E9C526243F9800E40473 /* NewsResponse.swift */; };
		ACF1E9CC262443B700E40473 /* NewEndpoing.swift in Sources */ = {isa = PBXBuildFile; fileRef = ACF1E9CB262443B700E40473 /* NewEndpoing.swift */; };
		ACF1E9D0262445DC00E40473 /* APIError.swift in Sources */ = {isa = PBXBuildFile; fileRef = ACF1E9CF262445DC00E40473 /* APIError.swift */; };
		ACF1E9D4262447C200E40473 /* NewsService.swift in Sources */ = {isa = PBXBuildFile; fileRef = ACF1E9D3262447C200E40473 /* NewsService.swift */; };
		ACF1E9D92624535100E40473 /* ResultStates.swift in Sources */ = {isa = PBXBuildFile; fileRef = ACF1E9D82624535100E40473 /* ResultStates.swift */; };
		ACF1E9DF2624541D00E40473 /* NewsViewModel.swift in Sources */ = {isa = PBXBuildFile; fileRef = ACF1E9DE2624541D00E40473 /* NewsViewModel.swift */; };
		ACF1E9E326245B8F00E40473 /* URLImage in Frameworks */ = {isa = PBXBuildFile; productRef = ACF1E9E226245B8F00E40473 /* URLImage */; };
		ACF1E9E726245DE300E40473 /* NewsView.swift in Sources */ = {isa = PBXBuildFile; fileRef = ACF1E9E626245DE300E40473 /* NewsView.swift */; };
		ACF1E9EA26245DF100E40473 /* ArticleView.swift in Sources */ = {isa = PBXBuildFile; fileRef = ACF1E9E926245DF100E40473 /* ArticleView.swift */; };
		ACF1E9ED2624664100E40473 /* PlaceholderImageView.swift in Sources */ = {isa = PBXBuildFile; fileRef = ACF1E9EC2624664100E40473 /* PlaceholderImageView.swift */; };
		ACF1E9F02624675800E40473 /* ErrorView.swift in Sources */ = {isa = PBXBuildFile; fileRef = ACF1E9EF2624675800E40473 /* ErrorView.swift */; };
/* End PBXBuildFile section */

/* Begin PBXFileReference section */
		AC8D5A8D2626FE7C005C4734 /* SettingsView.swift */ = {isa = PBXFileReference; lastKnownFileType = sourcecode.swift; path = SettingsView.swift; sourceTree = "<group>"; };
		AC8D5A902626FEA0005C4734 /* TabbarView.swift */ = {isa = PBXFileReference; lastKnownFileType = sourcecode.swift; path = TabbarView.swift; sourceTree = "<group>"; };
		ACF1E9AD26243DB600E40473 /* NewApi.app */ = {isa = PBXFileReference; explicitFileType = wrapper.application; includeInIndex = 0; path = NewApi.app; sourceTree = BUILT_PRODUCTS_DIR; };
		ACF1E9B026243DB600E40473 /* NewApiApp.swift */ = {isa = PBXFileReference; lastKnownFileType = sourcecode.swift; path = NewApiApp.swift; sourceTree = "<group>"; };
		ACF1E9B426243DB800E40473 /* Assets.xcassets */ = {isa = PBXFileReference; lastKnownFileType = folder.assetcatalog; path = Assets.xcassets; sourceTree = "<group>"; };
		ACF1E9B726243DB800E40473 /* Preview Assets.xcassets */ = {isa = PBXFileReference; lastKnownFileType = folder.assetcatalog; path = "Preview Assets.xcassets"; sourceTree = "<group>"; };
		ACF1E9B926243DB800E40473 /* Info.plist */ = {isa = PBXFileReference; lastKnownFileType = text.plist.xml; path = Info.plist; sourceTree = "<group>"; };
		ACF1E9C526243F9800E40473 /* NewsResponse.swift */ = {isa = PBXFileReference; lastKnownFileType = sourcecode.swift; path = NewsResponse.swift; sourceTree = "<group>"; };
		ACF1E9CB262443B700E40473 /* NewEndpoing.swift */ = {isa = PBXFileReference; lastKnownFileType = sourcecode.swift; path = NewEndpoing.swift; sourceTree = "<group>"; };
		ACF1E9CF262445DC00E40473 /* APIError.swift */ = {isa = PBXFileReference; lastKnownFileType = sourcecode.swift; path = APIError.swift; sourceTree = "<group>"; };
		ACF1E9D3262447C200E40473 /* NewsService.swift */ = {isa = PBXFileReference; lastKnownFileType = sourcecode.swift; path = NewsService.swift; sourceTree = "<group>"; };
		ACF1E9D82624535100E40473 /* ResultStates.swift */ = {isa = PBXFileReference; lastKnownFileType = sourcecode.swift; path = ResultStates.swift; sourceTree = "<group>"; };
		ACF1E9DE2624541D00E40473 /* NewsViewModel.swift */ = {isa = PBXFileReference; lastKnownFileType = sourcecode.swift; path = NewsViewModel.swift; sourceTree = "<group>"; };
		ACF1E9E626245DE300E40473 /* NewsView.swift */ = {isa = PBXFileReference; lastKnownFileType = sourcecode.swift; path = NewsView.swift; sourceTree = "<group>"; };
		ACF1E9E926245DF100E40473 /* ArticleView.swift */ = {isa = PBXFileReference; lastKnownFileType = sourcecode.swift; path = ArticleView.swift; sourceTree = "<group>"; };
		ACF1E9EC2624664100E40473 /* PlaceholderImageView.swift */ = {isa = PBXFileReference; lastKnownFileType = sourcecode.swift; path = PlaceholderImageView.swift; sourceTree = "<group>"; };
		ACF1E9EF2624675800E40473 /* ErrorView.swift */ = {isa = PBXFileReference; lastKnownFileType = sourcecode.swift; path = ErrorView.swift; sourceTree = "<group>"; };
/* End PBXFileReference section */

/* Begin PBXFrameworksBuildPhase section */
		ACF1E9AA26243DB600E40473 /* Frameworks */ = {
			isa = PBXFrameworksBuildPhase;
			buildActionMask = 2147483647;
			files = (
				ACF1E9E326245B8F00E40473 /* URLImage in Frameworks */,
			);
			runOnlyForDeploymentPostprocessing = 0;
		};
/* End PBXFrameworksBuildPhase section */

/* Begin PBXGroup section */
		ACF1E9A426243DB600E40473 = {
			isa = PBXGroup;
			children = (
				ACF1E9AF26243DB600E40473 /* NewApi */,
				ACF1E9AE26243DB600E40473 /* Products */,
			);
			sourceTree = "<group>";
		};
		ACF1E9AE26243DB600E40473 /* Products */ = {
			isa = PBXGroup;
			children = (
				ACF1E9AD26243DB600E40473 /* NewApi.app */,
			);
			name = Products;
			sourceTree = "<group>";
		};
		ACF1E9AF26243DB600E40473 /* NewApi */ = {
			isa = PBXGroup;
			children = (
				ACF1E9D72624533C00E40473 /* States */,
				ACF1E9D2262447B400E40473 /* Service */,
				ACF1E9CE262445CF00E40473 /* Error */,
				ACF1E9CA2624439900E40473 /* Endpoint */,
				ACF1E9C82624401200E40473 /* View */,
				ACF1E9DB262453A200E40473 /* ViewModel */,
				ACF1E9C026243F7400E40473 /* Model */,
				ACF1E9B026243DB600E40473 /* NewApiApp.swift */,
				ACF1E9B426243DB800E40473 /* Assets.xcassets */,
				ACF1E9B926243DB800E40473 /* Info.plist */,
				ACF1E9B626243DB800E40473 /* Preview Content */,
			);
			path = NewApi;
			sourceTree = "<group>";
		};
		ACF1E9B626243DB800E40473 /* Preview Content */ = {
			isa = PBXGroup;
			children = (
				ACF1E9B726243DB800E40473 /* Preview Assets.xcassets */,
			);
			path = "Preview Content";
			sourceTree = "<group>";
		};
		ACF1E9C026243F7400E40473 /* Model */ = {
			isa = PBXGroup;
			children = (
				ACF1E9C526243F9800E40473 /* NewsResponse.swift */,
			);
			path = Model;
			sourceTree = "<group>";
		};
		ACF1E9C82624401200E40473 /* View */ = {
			isa = PBXGroup;
			children = (
				ACF1E9E926245DF100E40473 /* ArticleView.swift */,
				ACF1E9EF2624675800E40473 /* ErrorView.swift */,
				ACF1E9E626245DE300E40473 /* NewsView.swift */,
				ACF1E9EC2624664100E40473 /* PlaceholderImageView.swift */,
				AC8D5A8D2626FE7C005C4734 /* SettingsView.swift */,
				AC8D5A902626FEA0005C4734 /* TabbarView.swift */,
			);
			path = View;
			sourceTree = "<group>";
		};
		ACF1E9CA2624439900E40473 /* Endpoint */ = {
			isa = PBXGroup;
			children = (
				ACF1E9CB262443B700E40473 /* NewEndpoing.swift */,
			);
			path = Endpoint;
			sourceTree = "<group>";
		};
		ACF1E9CE262445CF00E40473 /* Error */ = {
			isa = PBXGroup;
			children = (
				ACF1E9CF262445DC00E40473 /* APIError.swift */,
			);
			path = Error;
			sourceTree = "<group>";
		};
		ACF1E9D2262447B400E40473 /* Service */ = {
			isa = PBXGroup;
			children = (
				ACF1E9D3262447C200E40473 /* NewsService.swift */,
			);
			path = Service;
			sourceTree = "<group>";
		};
		ACF1E9D72624533C00E40473 /* States */ = {
			isa = PBXGroup;
			children = (
				ACF1E9D82624535100E40473 /* ResultStates.swift */,
			);
			path = States;
			sourceTree = "<group>";
		};
		ACF1E9DB262453A200E40473 /* ViewModel */ = {
			isa = PBXGroup;
			children = (
				ACF1E9DE2624541D00E40473 /* NewsViewModel.swift */,
			);
			path = ViewModel;
			sourceTree = "<group>";
		};
/* End PBXGroup section */

/* Begin PBXNativeTarget section */
		ACF1E9AC26243DB600E40473 /* NewApi */ = {
			isa = PBXNativeTarget;
			buildConfigurationList = ACF1E9BC26243DB800E40473 /* Build configuration list for PBXNativeTarget "NewApi" */;
			buildPhases = (
				ACF1E9A926243DB600E40473 /* Sources */,
				ACF1E9AA26243DB600E40473 /* Frameworks */,
				ACF1E9AB26243DB600E40473 /* Resources */,
			);
			buildRules = (
			);
			dependencies = (
			);
			name = NewApi;
			packageProductDependencies = (
				ACF1E9E226245B8F00E40473 /* URLImage */,
			);
			productName = NewApi;
			productReference = ACF1E9AD26243DB600E40473 /* NewApi.app */;
			productType = "com.apple.product-type.application";
		};
/* End PBXNativeTarget section */

/* Begin PBXProject section */
		ACF1E9A526243DB600E40473 /* Project object */ = {
			isa = PBXProject;
			attributes = {
				LastSwiftUpdateCheck = 1240;
				LastUpgradeCheck = 1240;
				TargetAttributes = {
					ACF1E9AC26243DB600E40473 = {
						CreatedOnToolsVersion = 12.4;
					};
				};
			};
			buildConfigurationList = ACF1E9A826243DB600E40473 /* Build configuration list for PBXProject "NewApi" */;
			compatibilityVersion = "Xcode 9.3";
			developmentRegion = en;
			hasScannedForEncodings = 0;
			knownRegions = (
				en,
				Base,
			);
			mainGroup = ACF1E9A426243DB600E40473;
			packageReferences = (
				ACF1E9E126245B8F00E40473 /* XCRemoteSwiftPackageReference "url-image" */,
			);
			productRefGroup = ACF1E9AE26243DB600E40473 /* Products */;
			projectDirPath = "";
			projectRoot = "";
			targets = (
				ACF1E9AC26243DB600E40473 /* NewApi */,
			);
		};
/* End PBXProject section */

/* Begin PBXResourcesBuildPhase section */
		ACF1E9AB26243DB600E40473 /* Resources */ = {
			isa = PBXResourcesBuildPhase;
			buildActionMask = 2147483647;
			files = (
				ACF1E9B826243DB800E40473 /* Preview Assets.xcassets in Resources */,
				ACF1E9B526243DB800E40473 /* Assets.xcassets in Resources */,
			);
			runOnlyForDeploymentPostprocessing = 0;
		};
/* End PBXResourcesBuildPhase section */

/* Begin PBXSourcesBuildPhase section */
		ACF1E9A926243DB600E40473 /* Sources */ = {
			isa = PBXSourcesBuildPhase;
			buildActionMask = 2147483647;
			files = (
				ACF1E9D4262447C200E40473 /* NewsService.swift in Sources */,
				ACF1E9C626243F9800E40473 /* NewsResponse.swift in Sources */,
				ACF1E9D92624535100E40473 /* ResultStates.swift in Sources */,
				ACF1E9CC262443B700E40473 /* NewEndpoing.swift in Sources */,
				ACF1E9D0262445DC00E40473 /* APIError.swift in Sources */,
				ACF1E9E726245DE300E40473 /* NewsView.swift in Sources */,
				ACF1E9B126243DB600E40473 /* NewApiApp.swift in Sources */,
				ACF1E9EA26245DF100E40473 /* ArticleView.swift in Sources */,
				ACF1E9ED2624664100E40473 /* PlaceholderImageView.swift in Sources */,
				AC8D5A8E2626FE7C005C4734 /* SettingsView.swift in Sources */,
				ACF1E9DF2624541D00E40473 /* NewsViewModel.swift in Sources */,
				ACF1E9F02624675800E40473 /* ErrorView.swift in Sources */,
				AC8D5A912626FEA0005C4734 /* TabbarView.swift in Sources */,
			);
			runOnlyForDeploymentPostprocessing = 0;
		};
/* End PBXSourcesBuildPhase section */

/* Begin XCBuildConfiguration section */
		ACF1E9BA26243DB800E40473 /* Debug */ = {
			isa = XCBuildConfiguration;
			buildSettings = {
				ALWAYS_SEARCH_USER_PATHS = NO;
				CLANG_ANALYZER_NONNULL = YES;
				CLANG_ANALYZER_NUMBER_OBJECT_CONVERSION = YES_AGGRESSIVE;
				CLANG_CXX_LANGUAGE_STANDARD = "gnu++14";
				CLANG_CXX_LIBRARY = "libc++";
				CLANG_ENABLE_MODULES = YES;
				CLANG_ENABLE_OBJC_ARC = YES;
				CLANG_ENABLE_OBJC_WEAK = YES;
				CLANG_WARN_BLOCK_CAPTURE_AUTORELEASING = YES;
				CLANG_WARN_BOOL_CONVERSION = YES;
				CLANG_WARN_COMMA = YES;
				CLANG_WARN_CONSTANT_CONVERSION = YES;
				CLANG_WARN_DEPRECATED_OBJC_IMPLEMENTATIONS = YES;
				CLANG_WARN_DIRECT_OBJC_ISA_USAGE = YES_ERROR;
				CLANG_WARN_DOCUMENTATION_COMMENTS = YES;
				CLANG_WARN_EMPTY_BODY = YES;
				CLANG_WARN_ENUM_CONVERSION = YES;
				CLANG_WARN_INFINITE_RECURSION = YES;
				CLANG_WARN_INT_CONVERSION = YES;
				CLANG_WARN_NON_LITERAL_NULL_CONVERSION = YES;
				CLANG_WARN_OBJC_IMPLICIT_RETAIN_SELF = YES;
				CLANG_WARN_OBJC_LITERAL_CONVERSION = YES;
				CLANG_WARN_OBJC_ROOT_CLASS = YES_ERROR;
				CLANG_WARN_QUOTED_INCLUDE_IN_FRAMEWORK_HEADER = YES;
				CLANG_WARN_RANGE_LOOP_ANALYSIS = YES;
				CLANG_WARN_STRICT_PROTOTYPES = YES;
				CLANG_WARN_SUSPICIOUS_MOVE = YES;
				CLANG_WARN_UNGUARDED_AVAILABILITY = YES_AGGRESSIVE;
				CLANG_WARN_UNREACHABLE_CODE = YES;
				CLANG_WARN__DUPLICATE_METHOD_MATCH = YES;
				COPY_PHASE_STRIP = NO;
				DEBUG_INFORMATION_FORMAT = dwarf;
				ENABLE_STRICT_OBJC_MSGSEND = YES;
				ENABLE_TESTABILITY = YES;
				GCC_C_LANGUAGE_STANDARD = gnu11;
				GCC_DYNAMIC_NO_PIC = NO;
				GCC_NO_COMMON_BLOCKS = YES;
				GCC_OPTIMIZATION_LEVEL = 0;
				GCC_PREPROCESSOR_DEFINITIONS = (
					"DEBUG=1",
					"$(inherited)",
				);
				GCC_WARN_64_TO_32_BIT_CONVERSION = YES;
				GCC_WARN_ABOUT_RETURN_TYPE = YES_ERROR;
				GCC_WARN_UNDECLARED_SELECTOR = YES;
				GCC_WARN_UNINITIALIZED_AUTOS = YES_AGGRESSIVE;
				GCC_WARN_UNUSED_FUNCTION = YES;
				GCC_WARN_UNUSED_VARIABLE = YES;
				IPHONEOS_DEPLOYMENT_TARGET = 14.4;
				MTL_ENABLE_DEBUG_INFO = INCLUDE_SOURCE;
				MTL_FAST_MATH = YES;
				ONLY_ACTIVE_ARCH = YES;
				SDKROOT = iphoneos;
				SWIFT_ACTIVE_COMPILATION_CONDITIONS = DEBUG;
				SWIFT_OPTIMIZATION_LEVEL = "-Onone";
			};
			name = Debug;
		};
		ACF1E9BB26243DB800E40473 /* Release */ = {
			isa = XCBuildConfiguration;
			buildSettings = {
				ALWAYS_SEARCH_USER_PATHS = NO;
				CLANG_ANALYZER_NONNULL = YES;
				CLANG_ANALYZER_NUMBER_OBJECT_CONVERSION = YES_AGGRESSIVE;
				CLANG_CXX_LANGUAGE_STANDARD = "gnu++14";
				CLANG_CXX_LIBRARY = "libc++";
				CLANG_ENABLE_MODULES = YES;
				CLANG_ENABLE_OBJC_ARC = YES;
				CLANG_ENABLE_OBJC_WEAK = YES;
				CLANG_WARN_BLOCK_CAPTURE_AUTORELEASING = YES;
				CLANG_WARN_BOOL_CONVERSION = YES;
				CLANG_WARN_COMMA = YES;
				CLANG_WARN_CONSTANT_CONVERSION = YES;
				CLANG_WARN_DEPRECATED_OBJC_IMPLEMENTATIONS = YES;
				CLANG_WARN_DIRECT_OBJC_ISA_USAGE = YES_ERROR;
				CLANG_WARN_DOCUMENTATION_COMMENTS = YES;
				CLANG_WARN_EMPTY_BODY = YES;
				CLANG_WARN_ENUM_CONVERSION = YES;
				CLANG_WARN_INFINITE_RECURSION = YES;
				CLANG_WARN_INT_CONVERSION = YES;
				CLANG_WARN_NON_LITERAL_NULL_CONVERSION = YES;
				CLANG_WARN_OBJC_IMPLICIT_RETAIN_SELF = YES;
				CLANG_WARN_OBJC_LITERAL_CONVERSION = YES;
				CLANG_WARN_OBJC_ROOT_CLASS = YES_ERROR;
				CLANG_WARN_QUOTED_INCLUDE_IN_FRAMEWORK_HEADER = YES;
				CLANG_WARN_RANGE_LOOP_ANALYSIS = YES;
				CLANG_WARN_STRICT_PROTOTYPES = YES;
				CLANG_WARN_SUSPICIOUS_MOVE = YES;
				CLANG_WARN_UNGUARDED_AVAILABILITY = YES_AGGRESSIVE;
				CLANG_WARN_UNREACHABLE_CODE = YES;
				CLANG_WARN__DUPLICATE_METHOD_MATCH = YES;
				COPY_PHASE_STRIP = NO;
				DEBUG_INFORMATION_FORMAT = "dwarf-with-dsym";
				ENABLE_NS_ASSERTIONS = NO;
				ENABLE_STRICT_OBJC_MSGSEND = YES;
				GCC_C_LANGUAGE_STANDARD = gnu11;
				GCC_NO_COMMON_BLOCKS = YES;
				GCC_WARN_64_TO_32_BIT_CONVERSION = YES;
				GCC_WARN_ABOUT_RETURN_TYPE = YES_ERROR;
				GCC_WARN_UNDECLARED_SELECTOR = YES;
				GCC_WARN_UNINITIALIZED_AUTOS = YES_AGGRESSIVE;
				GCC_WARN_UNUSED_FUNCTION = YES;
				GCC_WARN_UNUSED_VARIABLE = YES;
				IPHONEOS_DEPLOYMENT_TARGET = 14.4;
				MTL_ENABLE_DEBUG_INFO = NO;
				MTL_FAST_MATH = YES;
				SDKROOT = iphoneos;
				SWIFT_COMPILATION_MODE = wholemodule;
				SWIFT_OPTIMIZATION_LEVEL = "-O";
				VALIDATE_PRODUCT = YES;
			};
			name = Release;
		};
		ACF1E9BD26243DB800E40473 /* Debug */ = {
			isa = XCBuildConfiguration;
			buildSettings = {
				ASSETCATALOG_COMPILER_APPICON_NAME = AppIcon;
				ASSETCATALOG_COMPILER_GLOBAL_ACCENT_COLOR_NAME = AccentColor;
				CODE_SIGN_STYLE = Automatic;
				DEVELOPMENT_ASSET_PATHS = "\"NewApi/Preview Content\"";
				DEVELOPMENT_TEAM = R4XB56HC9M;
				ENABLE_PREVIEWS = YES;
				INFOPLIST_FILE = NewApi/Info.plist;
				IPHONEOS_DEPLOYMENT_TARGET = 14.0;
				LD_RUNPATH_SEARCH_PATHS = (
					"$(inherited)",
					"@executable_path/Frameworks",
				);
				PRODUCT_BUNDLE_IDENTIFIER = iMaxiOS.NewApi;
				PRODUCT_NAME = "$(TARGET_NAME)";
				SWIFT_VERSION = 5.0;
				TARGETED_DEVICE_FAMILY = "1,2";
			};
			name = Debug;
		};
		ACF1E9BE26243DB800E40473 /* Release */ = {
			isa = XCBuildConfiguration;
			buildSettings = {
				ASSETCATALOG_COMPILER_APPICON_NAME = AppIcon;
				ASSETCATALOG_COMPILER_GLOBAL_ACCENT_COLOR_NAME = AccentColor;
				CODE_SIGN_STYLE = Automatic;
				DEVELOPMENT_ASSET_PATHS = "\"NewApi/Preview Content\"";
				DEVELOPMENT_TEAM = R4XB56HC9M;
				ENABLE_PREVIEWS = YES;
				INFOPLIST_FILE = NewApi/Info.plist;
				IPHONEOS_DEPLOYMENT_TARGET = 14.0;
				LD_RUNPATH_SEARCH_PATHS = (
					"$(inherited)",
					"@executable_path/Frameworks",
				);
				PRODUCT_BUNDLE_IDENTIFIER = iMaxiOS.NewApi;
				PRODUCT_NAME = "$(TARGET_NAME)";
				SWIFT_VERSION = 5.0;
				TARGETED_DEVICE_FAMILY = "1,2";
			};
			name = Release;
		};
/* End XCBuildConfiguration section */

/* Begin XCConfigurationList section */
		ACF1E9A826243DB600E40473 /* Build configuration list for PBXProject "NewApi" */ = {
			isa = XCConfigurationList;
			buildConfigurations = (
				ACF1E9BA26243DB800E40473 /* Debug */,
				ACF1E9BB26243DB800E40473 /* Release */,
			);
			defaultConfigurationIsVisible = 0;
			defaultConfigurationName = Release;
		};
		ACF1E9BC26243DB800E40473 /* Build configuration list for PBXNativeTarget "NewApi" */ = {
			isa = XCConfigurationList;
			buildConfigurations = (
				ACF1E9BD26243DB800E40473 /* Debug */,
				ACF1E9BE26243DB800E40473 /* Release */,
			);
			defaultConfigurationIsVisible = 0;
			defaultConfigurationName = Release;
		};
/* End XCConfigurationList section */

/* Begin XCRemoteSwiftPackageReference section */
		ACF1E9E126245B8F00E40473 /* XCRemoteSwiftPackageReference "url-image" */ = {
			isa = XCRemoteSwiftPackageReference;
			repositoryURL = "https://github.com/dmytro-anokhin/url-image";
			requirement = {
				kind = upToNextMajorVersion;
				minimumVersion = 2.2.3;
			};
		};
/* End XCRemoteSwiftPackageReference section */

/* Begin XCSwiftPackageProductDependency section */
		ACF1E9E226245B8F00E40473 /* URLImage */ = {
			isa = XCSwiftPackageProductDependency;
			package = ACF1E9E126245B8F00E40473 /* XCRemoteSwiftPackageReference "url-image" */;
			productName = URLImage;
		};
/* End XCSwiftPackageProductDependency section */
	};
	rootObject = ACF1E9A526243DB600E40473 /* Project object */;
}
